
Microsoft Visual Studio Solution File, Format Version 12.00
# Visual Studio Version 17
VisualStudioVersion = 17.14.36301.6 d17.14
MinimumVisualStudioVersion = 10.0.40219.1
Project("{2150E333-8FDC-42A3-9474-1A3956D46DE8}") = "src", "src", "{02EA681E-C7D8-13C7-8484-4AC65E1B71E8}"
EndProject
Project("{2150E333-8FDC-42A3-9474-1A3956D46DE8}") = "tests", "tests", "{9FBC21E7-1877-49FE-A3D7-1F3C4A8A9AFD}"
EndProject
Project("{FAE04EC0-301F-11D3-BF4B-00C04F79EFBC}") = "CashFlow.API", "src\CashFlow.API\CashFlow.API.csproj", "{C1DC4435-C716-45CD-BF10-9D10C5BCD5BB}"
EndProject
Project("{FAE04EC0-301F-11D3-BF4B-00C04F79EFBC}") = "CashFlow.Domain", "src\CashFlow.Domain\CashFlow.Domain.csproj", "{941E23B1-B677-4E02-A196-1D37C997002F}"
EndProject
Project("{FAE04EC0-301F-11D3-BF4B-00C04F79EFBC}") = "CashFlow.Application", "src\CashFlow.Application\CashFlow.Application.csproj", "{01731598-BD83-4B3D-93AE-75C5F7E3FFF0}"
EndProject
Project("{FAE04EC0-301F-11D3-BF4B-00C04F79EFBC}") = "CashFlow.Communication", "src\CashFlow.Communication\CashFlow.Communication.csproj", "{F8079F4A-7140-4BFF-890F-2C68BB9B2C91}"
EndProject
Project("{FAE04EC0-301F-11D3-BF4B-00C04F79EFBC}") = "CashFlow.Exception", "src\CashFlow.Exception\CashFlow.Exception.csproj", "{D9623D72-9C16-4B0A-A717-64B2210772D2}"
EndProject
Project("{FAE04EC0-301F-11D3-BF4B-00C04F79EFBC}") = "CashFlow.Infraestructure", "src\CashFlow.Infraestructure\CashFlow.Infraestructure.csproj", "{21AE5F79-66EE-46DE-B2D8-058B4EC0A88E}"
EndProject
Global
	GlobalSection(SolutionConfigurationPlatforms) = preSolution
		Debug|Any CPU = Debug|Any CPU
		Release|Any CPU = Release|Any CPU
	EndGlobalSection
	GlobalSection(ProjectConfigurationPlatforms) = postSolution
		{C1DC4435-C716-45CD-BF10-9D10C5BCD5BB}.Debug|Any CPU.ActiveCfg = Debug|Any CPU
		{C1DC4435-C716-45CD-BF10-9D10C5BCD5BB}.Debug|Any CPU.Build.0 = Debug|Any CPU
		{C1DC4435-C716-45CD-BF10-9D10C5BCD5BB}.Release|Any CPU.ActiveCfg = Release|Any CPU
		{C1DC4435-C716-45CD-BF10-9D10C5BCD5BB}.Release|Any CPU.Build.0 = Release|Any CPU
		{941E23B1-B677-4E02-A196-1D37C997002F}.Debug|Any CPU.ActiveCfg = Debug|Any CPU
		{941E23B1-B677-4E02-A196-1D37C997002F}.Debug|Any CPU.Build.0 = Debug|Any CPU
		{941E23B1-B677-4E02-A196-1D37C997002F}.Release|Any CPU.ActiveCfg = Release|Any CPU
		{941E23B1-B677-4E02-A196-1D37C997002F}.Release|Any CPU.Build.0 = Release|Any CPU
		{01731598-BD83-4B3D-93AE-75C5F7E3FFF0}.Debug|Any CPU.ActiveCfg = Debug|Any CPU
		{01731598-BD83-4B3D-93AE-75C5F7E3FFF0}.Debug|Any CPU.Build.0 = Debug|Any CPU
		{01731598-BD83-4B3D-93AE-75C5F7E3FFF0}.Release|Any CPU.ActiveCfg = Release|Any CPU
		{01731598-BD83-4B3D-93AE-75C5F7E3FFF0}.Release|Any CPU.Build.0 = Release|Any CPU
		{F8079F4A-7140-4BFF-890F-2C68BB9B2C91}.Debug|Any CPU.ActiveCfg = Debug|Any CPU
		{F8079F4A-7140-4BFF-890F-2C68BB9B2C91}.Debug|Any CPU.Build.0 = Debug|Any CPU
		{F8079F4A-7140-4BFF-890F-2C68BB9B2C91}.Release|Any CPU.ActiveCfg = Release|Any CPU
		{F8079F4A-7140-4BFF-890F-2C68BB9B2C91}.Release|Any CPU.Build.0 = Release|Any CPU
		{D9623D72-9C16-4B0A-A717-64B2210772D2}.Debug|Any CPU.ActiveCfg = Debug|Any CPU
		{D9623D72-9C16-4B0A-A717-64B2210772D2}.Debug|Any CPU.Build.0 = Debug|Any CPU
		{D9623D72-9C16-4B0A-A717-64B2210772D2}.Release|Any CPU.ActiveCfg = Release|Any CPU
		{D9623D72-9C16-4B0A-A717-64B2210772D2}.Release|Any CPU.Build.0 = Release|Any CPU
		{21AE5F79-66EE-46DE-B2D8-058B4EC0A88E}.Debug|Any CPU.ActiveCfg = Debug|Any CPU
		{21AE5F79-66EE-46DE-B2D8-058B4EC0A88E}.Debug|Any CPU.Build.0 = Debug|Any CPU
		{21AE5F79-66EE-46DE-B2D8-058B4EC0A88E}.Release|Any CPU.ActiveCfg = Release|Any CPU
		{21AE5F79-66EE-46DE-B2D8-058B4EC0A88E}.Release|Any CPU.Build.0 = Release|Any CPU
	EndGlobalSection
	GlobalSection(SolutionProperties) = preSolution
		HideSolutionNode = FALSE
	EndGlobalSection
	GlobalSection(NestedProjects) = preSolution
		{C1DC4435-C716-45CD-BF10-9D10C5BCD5BB} = {02EA681E-C7D8-13C7-8484-4AC65E1B71E8}
		{941E23B1-B677-4E02-A196-1D37C997002F} = {02EA681E-C7D8-13C7-8484-4AC65E1B71E8}
		{01731598-BD83-4B3D-93AE-75C5F7E3FFF0} = {02EA681E-C7D8-13C7-8484-4AC65E1B71E8}
		{F8079F4A-7140-4BFF-890F-2C68BB9B2C91} = {02EA681E-C7D8-13C7-8484-4AC65E1B71E8}
		{D9623D72-9C16-4B0A-A717-64B2210772D2} = {02EA681E-C7D8-13C7-8484-4AC65E1B71E8}
		{21AE5F79-66EE-46DE-B2D8-058B4EC0A88E} = {02EA681E-C7D8-13C7-8484-4AC65E1B71E8}
	EndGlobalSection
	GlobalSection(ExtensibilityGlobals) = postSolution
		SolutionGuid = {719D4B98-3754-456A-9D2C-DC7394964D5C}
	EndGlobalSection
EndGlobal
